
Microsoft Visual Studio Solution File, Format Version 12.00
# Visual Studio 15
Project("{FAE04EC0-301F-11D3-BF4B-00C04F79EFBC}") = "01_Task", "01_Task\01_Task.csproj", "{F167A387-E343-4122-9F36-FF2DAC785573}"
EndProject
Project("{FAE04EC0-301F-11D3-BF4B-00C04F79EFBC}") = "02_Task", "02_Task\02_Task.csproj", "{669ACB31-E837-4472-A5F3-9B144093025B}"
EndProject
Project("{FAE04EC0-301F-11D3-BF4B-00C04F79EFBC}") = "03_Task", "03_Task\03_Task.csproj", "{1E5C0BDB-ED0D-45F6-BE8A-1D7051CBD9DD}"
EndProject
Project("{FAE04EC0-301F-11D3-BF4B-00C04F79EFBC}") = "04_Task", "04_Task\04_Task.csproj", "{555F41A6-DEA1-44AB-A758-39EE23C889A3}"
EndProject
Project("{FAE04EC0-301F-11D3-BF4B-00C04F79EFBC}") = "05_Task", "05_Task\05_Task.csproj", "{2BFABD24-CD6E-48E4-8E9F-7FBC275C1AEB}"
EndProject
Project("{FAE04EC0-301F-11D3-BF4B-00C04F79EFBC}") = "06_Task", "06_Task\06_Task.csproj", "{F27BC0B5-9E97-485D-BE86-A01B8506C06E}"
EndProject
Project("{FAE04EC0-301F-11D3-BF4B-00C04F79EFBC}") = "07_Task", "07_Task\07_Task.csproj", "{969CEDCE-ADA1-45E2-A728-D95CA373A659}"
EndProject
Project("{FAE04EC0-301F-11D3-BF4B-00C04F79EFBC}") = "08_Task", "08_Task\08_Task.csproj", "{4FE08051-D41F-4125-82BE-7F8BB318DF97}"
EndProject
Project("{FAE04EC0-301F-11D3-BF4B-00C04F79EFBC}") = "09_Task", "09_Task\09_Task.csproj", "{59AD0F79-F050-48D9-A88B-A3879522CEA1}"
EndProject
Project("{FAE04EC0-301F-11D3-BF4B-00C04F79EFBC}") = "10_Task", "10_Task\10_Task.csproj", "{800A917D-5A4D-4887-9508-82E0466D8810}"
EndProject
Project("{FAE04EC0-301F-11D3-BF4B-00C04F79EFBC}") = "11_Task", "11_Task\11_Task.csproj", "{FBA07818-ECD9-42C7-873E-06357679DE80}"
EndProject
Project("{FAE04EC0-301F-11D3-BF4B-00C04F79EFBC}") = "12a_Task", "12_Task\12a_Task.csproj", "{E1FF62F9-D730-48D0-92D9-7405E79B191F}"
EndProject
Project("{FAE04EC0-301F-11D3-BF4B-00C04F79EFBC}") = "12b_Task", "12b_Task\12b_Task.csproj", "{D699F8F7-6157-455B-A14B-ED1204DCA0CC}"
EndProject
Project("{FAE04EC0-301F-11D3-BF4B-00C04F79EFBC}") = "12c_Task", "12c_Task\12c_Task.csproj", "{FF727F68-0618-47BC-A4F4-FF10FBDB9FAB}"
EndProject
Project("{FAE04EC0-301F-11D3-BF4B-00C04F79EFBC}") = "12d_Task", "12d_Task\12d_Task.csproj", "{A7EBA27F-825B-4BFA-BBB5-6892413198B1}"
EndProject
Project("{FAE04EC0-301F-11D3-BF4B-00C04F79EFBC}") = "13_Task", "13_Task\13_Task.csproj", "{997AC5D8-1374-4184-B3B7-789332F24BD2}"
EndProject
Project("{FAE04EC0-301F-11D3-BF4B-00C04F79EFBC}") = "14_Task", "14_Task\14_Task.csproj", "{EDB53B8F-FB9A-459E-BC28-4C0BF3509752}"
EndProject
Project("{FAE04EC0-301F-11D3-BF4B-00C04F79EFBC}") = "15_Task", "15_Task\15_Task.csproj", "{61CE0E64-AC71-4507-9283-CFD1679E50C8}"
EndProject
Project("{FAE04EC0-301F-11D3-BF4B-00C04F79EFBC}") = "16_Task", "16_Task\16_Task.csproj", "{A589A28C-D93C-45D0-AD20-C75EF24380B9}"
EndProject
Project("{FAE04EC0-301F-11D3-BF4B-00C04F79EFBC}") = "17_Task", "17_Task\17_Task.csproj", "{5158A4ED-FB15-40B6-8360-55E5D6590361}"
EndProject
Project("{FAE04EC0-301F-11D3-BF4B-00C04F79EFBC}") = "18_Task", "18_Task\18_Task.csproj", "{87F5ADF8-038A-4C16-977E-179B80DB6C58}"
EndProject
Project("{FAE04EC0-301F-11D3-BF4B-00C04F79EFBC}") = "19_Task", "19_Task\19_Task.csproj", "{2A3B9108-601C-4474-93A3-6C476E237F71}"
EndProject
Project("{FAE04EC0-301F-11D3-BF4B-00C04F79EFBC}") = "20_Task", "20_Task\20_Task.csproj", "{536B27C4-4AEF-48D6-AE9F-3BB790E4B5BC}"
EndProject
Project("{FAE04EC0-301F-11D3-BF4B-00C04F79EFBC}") = "21_Task", "21_Task\21_Task.csproj", "{B84D4706-FC6F-41D0-8526-2DB187812BCA}"
EndProject
Project("{FAE04EC0-301F-11D3-BF4B-00C04F79EFBC}") = "22_Task", "22_Task\22_Task.csproj", "{CBFB6FE0-D57B-4CF6-96D7-E0F722B06736}"
EndProject
Project("{FAE04EC0-301F-11D3-BF4B-00C04F79EFBC}") = "23_Task", "23_Task\23_Task.csproj", "{7786C554-D1FC-4DE5-A4F5-6B452E51012D}"
EndProject
Project("{FAE04EC0-301F-11D3-BF4B-00C04F79EFBC}") = "24_Task", "24_Task\24_Task.csproj", "{9A8912D7-9CE6-42C2-8BDD-B52E73723FDF}"
EndProject
Project("{FAE04EC0-301F-11D3-BF4B-00C04F79EFBC}") = "25_Task", "25_Task\25_Task.csproj", "{962DF113-1A33-4618-ACC3-57C13DD5CA3A}"
EndProject
Project("{FAE04EC0-301F-11D3-BF4B-00C04F79EFBC}") = "26_Task", "26_Task\26_Task.csproj", "{91BE2F64-276B-46DC-819B-3AE330C92D8A}"
EndProject
Project("{FAE04EC0-301F-11D3-BF4B-00C04F79EFBC}") = "27_Task", "27_Task\27_Task.csproj", "{29D8BC2A-44CD-4119-A327-7D2C8102CEB8}"
EndProject
Global
	GlobalSection(SolutionConfigurationPlatforms) = preSolution
		Debug|Any CPU = Debug|Any CPU
		Release|Any CPU = Release|Any CPU
	EndGlobalSection
	GlobalSection(ProjectConfigurationPlatforms) = postSolution
		{F167A387-E343-4122-9F36-FF2DAC785573}.Debug|Any CPU.ActiveCfg = Debug|Any CPU
		{F167A387-E343-4122-9F36-FF2DAC785573}.Debug|Any CPU.Build.0 = Debug|Any CPU
		{F167A387-E343-4122-9F36-FF2DAC785573}.Release|Any CPU.ActiveCfg = Release|Any CPU
		{F167A387-E343-4122-9F36-FF2DAC785573}.Release|Any CPU.Build.0 = Release|Any CPU
		{669ACB31-E837-4472-A5F3-9B144093025B}.Debug|Any CPU.ActiveCfg = Debug|Any CPU
		{669ACB31-E837-4472-A5F3-9B144093025B}.Debug|Any CPU.Build.0 = Debug|Any CPU
		{669ACB31-E837-4472-A5F3-9B144093025B}.Release|Any CPU.ActiveCfg = Release|Any CPU
		{669ACB31-E837-4472-A5F3-9B144093025B}.Release|Any CPU.Build.0 = Release|Any CPU
		{1E5C0BDB-ED0D-45F6-BE8A-1D7051CBD9DD}.Debug|Any CPU.ActiveCfg = Debug|Any CPU
		{1E5C0BDB-ED0D-45F6-BE8A-1D7051CBD9DD}.Debug|Any CPU.Build.0 = Debug|Any CPU
		{1E5C0BDB-ED0D-45F6-BE8A-1D7051CBD9DD}.Release|Any CPU.ActiveCfg = Release|Any CPU
		{1E5C0BDB-ED0D-45F6-BE8A-1D7051CBD9DD}.Release|Any CPU.Build.0 = Release|Any CPU
		{555F41A6-DEA1-44AB-A758-39EE23C889A3}.Debug|Any CPU.ActiveCfg = Debug|Any CPU
		{555F41A6-DEA1-44AB-A758-39EE23C889A3}.Debug|Any CPU.Build.0 = Debug|Any CPU
		{555F41A6-DEA1-44AB-A758-39EE23C889A3}.Release|Any CPU.ActiveCfg = Release|Any CPU
		{555F41A6-DEA1-44AB-A758-39EE23C889A3}.Release|Any CPU.Build.0 = Release|Any CPU
		{2BFABD24-CD6E-48E4-8E9F-7FBC275C1AEB}.Debug|Any CPU.ActiveCfg = Debug|Any CPU
		{2BFABD24-CD6E-48E4-8E9F-7FBC275C1AEB}.Debug|Any CPU.Build.0 = Debug|Any CPU
		{2BFABD24-CD6E-48E4-8E9F-7FBC275C1AEB}.Release|Any CPU.ActiveCfg = Release|Any CPU
		{2BFABD24-CD6E-48E4-8E9F-7FBC275C1AEB}.Release|Any CPU.Build.0 = Release|Any CPU
		{F27BC0B5-9E97-485D-BE86-A01B8506C06E}.Debug|Any CPU.ActiveCfg = Debug|Any CPU
		{F27BC0B5-9E97-485D-BE86-A01B8506C06E}.Debug|Any CPU.Build.0 = Debug|Any CPU
		{F27BC0B5-9E97-485D-BE86-A01B8506C06E}.Release|Any CPU.ActiveCfg = Release|Any CPU
		{F27BC0B5-9E97-485D-BE86-A01B8506C06E}.Release|Any CPU.Build.0 = Release|Any CPU
		{969CEDCE-ADA1-45E2-A728-D95CA373A659}.Debug|Any CPU.ActiveCfg = Debug|Any CPU
		{969CEDCE-ADA1-45E2-A728-D95CA373A659}.Debug|Any CPU.Build.0 = Debug|Any CPU
		{969CEDCE-ADA1-45E2-A728-D95CA373A659}.Release|Any CPU.ActiveCfg = Release|Any CPU
		{969CEDCE-ADA1-45E2-A728-D95CA373A659}.Release|Any CPU.Build.0 = Release|Any CPU
		{4FE08051-D41F-4125-82BE-7F8BB318DF97}.Debug|Any CPU.ActiveCfg = Debug|Any CPU
		{4FE08051-D41F-4125-82BE-7F8BB318DF97}.Debug|Any CPU.Build.0 = Debug|Any CPU
		{4FE08051-D41F-4125-82BE-7F8BB318DF97}.Release|Any CPU.ActiveCfg = Release|Any CPU
		{4FE08051-D41F-4125-82BE-7F8BB318DF97}.Release|Any CPU.Build.0 = Release|Any CPU
		{59AD0F79-F050-48D9-A88B-A3879522CEA1}.Debug|Any CPU.ActiveCfg = Debug|Any CPU
		{59AD0F79-F050-48D9-A88B-A3879522CEA1}.Debug|Any CPU.Build.0 = Debug|Any CPU
		{59AD0F79-F050-48D9-A88B-A3879522CEA1}.Release|Any CPU.ActiveCfg = Release|Any CPU
		{59AD0F79-F050-48D9-A88B-A3879522CEA1}.Release|Any CPU.Build.0 = Release|Any CPU
		{800A917D-5A4D-4887-9508-82E0466D8810}.Debug|Any CPU.ActiveCfg = Debug|Any CPU
		{800A917D-5A4D-4887-9508-82E0466D8810}.Debug|Any CPU.Build.0 = Debug|Any CPU
		{800A917D-5A4D-4887-9508-82E0466D8810}.Release|Any CPU.ActiveCfg = Release|Any CPU
		{800A917D-5A4D-4887-9508-82E0466D8810}.Release|Any CPU.Build.0 = Release|Any CPU
		{FBA07818-ECD9-42C7-873E-06357679DE80}.Debug|Any CPU.ActiveCfg = Debug|Any CPU
		{FBA07818-ECD9-42C7-873E-06357679DE80}.Debug|Any CPU.Build.0 = Debug|Any CPU
		{FBA07818-ECD9-42C7-873E-06357679DE80}.Release|Any CPU.ActiveCfg = Release|Any CPU
		{FBA07818-ECD9-42C7-873E-06357679DE80}.Release|Any CPU.Build.0 = Release|Any CPU
		{E1FF62F9-D730-48D0-92D9-7405E79B191F}.Debug|Any CPU.ActiveCfg = Debug|Any CPU
		{E1FF62F9-D730-48D0-92D9-7405E79B191F}.Debug|Any CPU.Build.0 = Debug|Any CPU
		{E1FF62F9-D730-48D0-92D9-7405E79B191F}.Release|Any CPU.ActiveCfg = Release|Any CPU
		{E1FF62F9-D730-48D0-92D9-7405E79B191F}.Release|Any CPU.Build.0 = Release|Any CPU
		{D699F8F7-6157-455B-A14B-ED1204DCA0CC}.Debug|Any CPU.ActiveCfg = Debug|Any CPU
		{D699F8F7-6157-455B-A14B-ED1204DCA0CC}.Debug|Any CPU.Build.0 = Debug|Any CPU
		{D699F8F7-6157-455B-A14B-ED1204DCA0CC}.Release|Any CPU.ActiveCfg = Release|Any CPU
		{D699F8F7-6157-455B-A14B-ED1204DCA0CC}.Release|Any CPU.Build.0 = Release|Any CPU
		{FF727F68-0618-47BC-A4F4-FF10FBDB9FAB}.Debug|Any CPU.ActiveCfg = Debug|Any CPU
		{FF727F68-0618-47BC-A4F4-FF10FBDB9FAB}.Debug|Any CPU.Build.0 = Debug|Any CPU
		{FF727F68-0618-47BC-A4F4-FF10FBDB9FAB}.Release|Any CPU.ActiveCfg = Release|Any CPU
		{FF727F68-0618-47BC-A4F4-FF10FBDB9FAB}.Release|Any CPU.Build.0 = Release|Any CPU
		{A7EBA27F-825B-4BFA-BBB5-6892413198B1}.Debug|Any CPU.ActiveCfg = Debug|Any CPU
		{A7EBA27F-825B-4BFA-BBB5-6892413198B1}.Debug|Any CPU.Build.0 = Debug|Any CPU
		{A7EBA27F-825B-4BFA-BBB5-6892413198B1}.Release|Any CPU.ActiveCfg = Release|Any CPU
		{A7EBA27F-825B-4BFA-BBB5-6892413198B1}.Release|Any CPU.Build.0 = Release|Any CPU
		{997AC5D8-1374-4184-B3B7-789332F24BD2}.Debug|Any CPU.ActiveCfg = Debug|Any CPU
		{997AC5D8-1374-4184-B3B7-789332F24BD2}.Debug|Any CPU.Build.0 = Debug|Any CPU
		{997AC5D8-1374-4184-B3B7-789332F24BD2}.Release|Any CPU.ActiveCfg = Release|Any CPU
		{997AC5D8-1374-4184-B3B7-789332F24BD2}.Release|Any CPU.Build.0 = Release|Any CPU
		{EDB53B8F-FB9A-459E-BC28-4C0BF3509752}.Debug|Any CPU.ActiveCfg = Debug|Any CPU
		{EDB53B8F-FB9A-459E-BC28-4C0BF3509752}.Debug|Any CPU.Build.0 = Debug|Any CPU
		{EDB53B8F-FB9A-459E-BC28-4C0BF3509752}.Release|Any CPU.ActiveCfg = Release|Any CPU
		{EDB53B8F-FB9A-459E-BC28-4C0BF3509752}.Release|Any CPU.Build.0 = Release|Any CPU
		{61CE0E64-AC71-4507-9283-CFD1679E50C8}.Debug|Any CPU.ActiveCfg = Debug|Any CPU
		{61CE0E64-AC71-4507-9283-CFD1679E50C8}.Debug|Any CPU.Build.0 = Debug|Any CPU
		{61CE0E64-AC71-4507-9283-CFD1679E50C8}.Release|Any CPU.ActiveCfg = Release|Any CPU
		{61CE0E64-AC71-4507-9283-CFD1679E50C8}.Release|Any CPU.Build.0 = Release|Any CPU
		{A589A28C-D93C-45D0-AD20-C75EF24380B9}.Debug|Any CPU.ActiveCfg = Debug|Any CPU
		{A589A28C-D93C-45D0-AD20-C75EF24380B9}.Debug|Any CPU.Build.0 = Debug|Any CPU
		{A589A28C-D93C-45D0-AD20-C75EF24380B9}.Release|Any CPU.ActiveCfg = Release|Any CPU
		{A589A28C-D93C-45D0-AD20-C75EF24380B9}.Release|Any CPU.Build.0 = Release|Any CPU
		{5158A4ED-FB15-40B6-8360-55E5D6590361}.Debug|Any CPU.ActiveCfg = Debug|Any CPU
		{5158A4ED-FB15-40B6-8360-55E5D6590361}.Debug|Any CPU.Build.0 = Debug|Any CPU
		{5158A4ED-FB15-40B6-8360-55E5D6590361}.Release|Any CPU.ActiveCfg = Release|Any CPU
		{5158A4ED-FB15-40B6-8360-55E5D6590361}.Release|Any CPU.Build.0 = Release|Any CPU
		{87F5ADF8-038A-4C16-977E-179B80DB6C58}.Debug|Any CPU.ActiveCfg = Debug|Any CPU
		{87F5ADF8-038A-4C16-977E-179B80DB6C58}.Debug|Any CPU.Build.0 = Debug|Any CPU
		{87F5ADF8-038A-4C16-977E-179B80DB6C58}.Release|Any CPU.ActiveCfg = Release|Any CPU
		{87F5ADF8-038A-4C16-977E-179B80DB6C58}.Release|Any CPU.Build.0 = Release|Any CPU
		{2A3B9108-601C-4474-93A3-6C476E237F71}.Debug|Any CPU.ActiveCfg = Debug|Any CPU
		{2A3B9108-601C-4474-93A3-6C476E237F71}.Debug|Any CPU.Build.0 = Debug|Any CPU
		{2A3B9108-601C-4474-93A3-6C476E237F71}.Release|Any CPU.ActiveCfg = Release|Any CPU
		{2A3B9108-601C-4474-93A3-6C476E237F71}.Release|Any CPU.Build.0 = Release|Any CPU
		{536B27C4-4AEF-48D6-AE9F-3BB790E4B5BC}.Debug|Any CPU.ActiveCfg = Debug|Any CPU
		{536B27C4-4AEF-48D6-AE9F-3BB790E4B5BC}.Debug|Any CPU.Build.0 = Debug|Any CPU
		{536B27C4-4AEF-48D6-AE9F-3BB790E4B5BC}.Release|Any CPU.ActiveCfg = Release|Any CPU
		{536B27C4-4AEF-48D6-AE9F-3BB790E4B5BC}.Release|Any CPU.Build.0 = Release|Any CPU
		{B84D4706-FC6F-41D0-8526-2DB187812BCA}.Debug|Any CPU.ActiveCfg = Debug|Any CPU
		{B84D4706-FC6F-41D0-8526-2DB187812BCA}.Debug|Any CPU.Build.0 = Debug|Any CPU
		{B84D4706-FC6F-41D0-8526-2DB187812BCA}.Release|Any CPU.ActiveCfg = Release|Any CPU
		{B84D4706-FC6F-41D0-8526-2DB187812BCA}.Release|Any CPU.Build.0 = Release|Any CPU
		{CBFB6FE0-D57B-4CF6-96D7-E0F722B06736}.Debug|Any CPU.ActiveCfg = Debug|Any CPU
		{CBFB6FE0-D57B-4CF6-96D7-E0F722B06736}.Debug|Any CPU.Build.0 = Debug|Any CPU
		{CBFB6FE0-D57B-4CF6-96D7-E0F722B06736}.Release|Any CPU.ActiveCfg = Release|Any CPU
		{CBFB6FE0-D57B-4CF6-96D7-E0F722B06736}.Release|Any CPU.Build.0 = Release|Any CPU
		{7786C554-D1FC-4DE5-A4F5-6B452E51012D}.Debug|Any CPU.ActiveCfg = Debug|Any CPU
		{7786C554-D1FC-4DE5-A4F5-6B452E51012D}.Debug|Any CPU.Build.0 = Debug|Any CPU
		{7786C554-D1FC-4DE5-A4F5-6B452E51012D}.Release|Any CPU.ActiveCfg = Release|Any CPU
		{7786C554-D1FC-4DE5-A4F5-6B452E51012D}.Release|Any CPU.Build.0 = Release|Any CPU
		{9A8912D7-9CE6-42C2-8BDD-B52E73723FDF}.Debug|Any CPU.ActiveCfg = Debug|Any CPU
		{9A8912D7-9CE6-42C2-8BDD-B52E73723FDF}.Debug|Any CPU.Build.0 = Debug|Any CPU
		{9A8912D7-9CE6-42C2-8BDD-B52E73723FDF}.Release|Any CPU.ActiveCfg = Release|Any CPU
		{9A8912D7-9CE6-42C2-8BDD-B52E73723FDF}.Release|Any CPU.Build.0 = Release|Any CPU
		{962DF113-1A33-4618-ACC3-57C13DD5CA3A}.Debug|Any CPU.ActiveCfg = Debug|Any CPU
		{962DF113-1A33-4618-ACC3-57C13DD5CA3A}.Debug|Any CPU.Build.0 = Debug|Any CPU
		{962DF113-1A33-4618-ACC3-57C13DD5CA3A}.Release|Any CPU.ActiveCfg = Release|Any CPU
		{962DF113-1A33-4618-ACC3-57C13DD5CA3A}.Release|Any CPU.Build.0 = Release|Any CPU
		{91BE2F64-276B-46DC-819B-3AE330C92D8A}.Debug|Any CPU.ActiveCfg = Debug|Any CPU
		{91BE2F64-276B-46DC-819B-3AE330C92D8A}.Debug|Any CPU.Build.0 = Debug|Any CPU
		{91BE2F64-276B-46DC-819B-3AE330C92D8A}.Release|Any CPU.ActiveCfg = Release|Any CPU
		{91BE2F64-276B-46DC-819B-3AE330C92D8A}.Release|Any CPU.Build.0 = Release|Any CPU
		{29D8BC2A-44CD-4119-A327-7D2C8102CEB8}.Debug|Any CPU.ActiveCfg = Debug|Any CPU
		{29D8BC2A-44CD-4119-A327-7D2C8102CEB8}.Debug|Any CPU.Build.0 = Debug|Any CPU
		{29D8BC2A-44CD-4119-A327-7D2C8102CEB8}.Release|Any CPU.ActiveCfg = Release|Any CPU
		{29D8BC2A-44CD-4119-A327-7D2C8102CEB8}.Release|Any CPU.Build.0 = Release|Any CPU
	EndGlobalSection
EndGlobal
